// !$*UTF8*$!
{
	archiveVersion = 1;
	classes = {
	};
	objectVersion = 56;
	objects = {

/* Begin PBXBuildFile section */
		D4344427297368AA0004B567 /* AppDelegate.swift in Sources */ = {isa = PBXBuildFile; fileRef = D4344426297368AA0004B567 /* AppDelegate.swift */; };
		D4344429297368AA0004B567 /* SceneDelegate.swift in Sources */ = {isa = PBXBuildFile; fileRef = D4344428297368AA0004B567 /* SceneDelegate.swift */; };
		D434442B297368AA0004B567 /* HomeVC.swift in Sources */ = {isa = PBXBuildFile; fileRef = D434442A297368AA0004B567 /* HomeVC.swift */; };
		D434442E297368AA0004B567 /* Main.storyboard in Resources */ = {isa = PBXBuildFile; fileRef = D434442C297368AA0004B567 /* Main.storyboard */; };
		D4344430297368AB0004B567 /* Assets.xcassets in Resources */ = {isa = PBXBuildFile; fileRef = D434442F297368AB0004B567 /* Assets.xcassets */; };
		D4344433297368AB0004B567 /* LaunchScreen.storyboard in Resources */ = {isa = PBXBuildFile; fileRef = D4344431297368AB0004B567 /* LaunchScreen.storyboard */; };
		D434443B29736ACD0004B567 /* CollectionViewCell.swift in Sources */ = {isa = PBXBuildFile; fileRef = D434443A29736ACD0004B567 /* CollectionViewCell.swift */; };
		D434443D29736C6D0004B567 /* APICaller.swift in Sources */ = {isa = PBXBuildFile; fileRef = D434443C29736C6D0004B567 /* APICaller.swift */; };
		D434443F29736D010004B567 /* Model.swift in Sources */ = {isa = PBXBuildFile; fileRef = D434443E29736D010004B567 /* Model.swift */; };
		D4344442297381E90004B567 /* SDWebImage in Frameworks */ = {isa = PBXBuildFile; productRef = D4344441297381E90004B567 /* SDWebImage */; };
		D4344444297381E90004B567 /* SDWebImageMapKit in Frameworks */ = {isa = PBXBuildFile; productRef = D4344443297381E90004B567 /* SDWebImageMapKit */; };
		D434446C2973978E0004B567 /* PinterestLayout.swift in Sources */ = {isa = PBXBuildFile; fileRef = D434446B2973978E0004B567 /* PinterestLayout.swift */; };
/* End PBXBuildFile section */

/* Begin PBXFileReference section */
		D4344423297368AA0004B567 /* Simpra Odev Deneme 5.app */ = {isa = PBXFileReference; explicitFileType = wrapper.application; includeInIndex = 0; path = "Simpra Odev Deneme 5.app"; sourceTree = BUILT_PRODUCTS_DIR; };
		D4344426297368AA0004B567 /* AppDelegate.swift */ = {isa = PBXFileReference; lastKnownFileType = sourcecode.swift; path = AppDelegate.swift; sourceTree = "<group>"; };
		D4344428297368AA0004B567 /* SceneDelegate.swift */ = {isa = PBXFileReference; lastKnownFileType = sourcecode.swift; path = SceneDelegate.swift; sourceTree = "<group>"; };
		D434442A297368AA0004B567 /* HomeVC.swift */ = {isa = PBXFileReference; lastKnownFileType = sourcecode.swift; path = HomeVC.swift; sourceTree = "<group>"; };
		D434442D297368AA0004B567 /* Base */ = {isa = PBXFileReference; lastKnownFileType = file.storyboard; name = Base; path = Base.lproj/Main.storyboard; sourceTree = "<group>"; };
		D434442F297368AB0004B567 /* Assets.xcassets */ = {isa = PBXFileReference; lastKnownFileType = folder.assetcatalog; path = Assets.xcassets; sourceTree = "<group>"; };
		D4344432297368AB0004B567 /* Base */ = {isa = PBXFileReference; lastKnownFileType = file.storyboard; name = Base; path = Base.lproj/LaunchScreen.storyboard; sourceTree = "<group>"; };
		D4344434297368AB0004B567 /* Info.plist */ = {isa = PBXFileReference; lastKnownFileType = text.plist.xml; path = Info.plist; sourceTree = "<group>"; };
		D434443A29736ACD0004B567 /* CollectionViewCell.swift */ = {isa = PBXFileReference; lastKnownFileType = sourcecode.swift; path = CollectionViewCell.swift; sourceTree = "<group>"; };
		D434443C29736C6D0004B567 /* APICaller.swift */ = {isa = PBXFileReference; lastKnownFileType = sourcecode.swift; path = APICaller.swift; sourceTree = "<group>"; };
		D434443E29736D010004B567 /* Model.swift */ = {isa = PBXFileReference; lastKnownFileType = sourcecode.swift; path = Model.swift; sourceTree = "<group>"; };
		D434446B2973978E0004B567 /* PinterestLayout.swift */ = {isa = PBXFileReference; lastKnownFileType = sourcecode.swift; path = PinterestLayout.swift; sourceTree = "<group>"; };
/* End PBXFileReference section */

/* Begin PBXFrameworksBuildPhase section */
		D4344420297368AA0004B567 /* Frameworks */ = {
			isa = PBXFrameworksBuildPhase;
			buildActionMask = 2147483647;
			files = (
				D4344444297381E90004B567 /* SDWebImageMapKit in Frameworks */,
				D4344442297381E90004B567 /* SDWebImage in Frameworks */,
			);
			runOnlyForDeploymentPostprocessing = 0;
		};
/* End PBXFrameworksBuildPhase section */

/* Begin PBXGroup section */
		D434441A297368AA0004B567 = {
			isa = PBXGroup;
			children = (
				D4344425297368AA0004B567 /* Simpra Odev Deneme 5 */,
				D4344424297368AA0004B567 /* Products */,
			);
			sourceTree = "<group>";
		};
		D4344424297368AA0004B567 /* Products */ = {
			isa = PBXGroup;
			children = (
				D4344423297368AA0004B567 /* Simpra Odev Deneme 5.app */,
			);
			name = Products;
			sourceTree = "<group>";
		};
		D4344425297368AA0004B567 /* Simpra Odev Deneme 5 */ = {
			isa = PBXGroup;
			children = (
				D4344426297368AA0004B567 /* AppDelegate.swift */,
				D4344428297368AA0004B567 /* SceneDelegate.swift */,
				D434442A297368AA0004B567 /* HomeVC.swift */,
				D434443A29736ACD0004B567 /* CollectionViewCell.swift */,
				D434443C29736C6D0004B567 /* APICaller.swift */,
				D434443E29736D010004B567 /* Model.swift */,
				D434442C297368AA0004B567 /* Main.storyboard */,
				D434442F297368AB0004B567 /* Assets.xcassets */,
				D4344431297368AB0004B567 /* LaunchScreen.storyboard */,
				D4344434297368AB0004B567 /* Info.plist */,
				D434446B2973978E0004B567 /* PinterestLayout.swift */,
			);
			path = "Simpra Odev Deneme 5";
			sourceTree = "<group>";
		};
/* End PBXGroup section */

/* Begin PBXNativeTarget section */
		D4344422297368AA0004B567 /* Simpra Odev Deneme 5 */ = {
			isa = PBXNativeTarget;
			buildConfigurationList = D4344437297368AB0004B567 /* Build configuration list for PBXNativeTarget "Simpra Odev Deneme 5" */;
			buildPhases = (
				D434441F297368AA0004B567 /* Sources */,
				D4344420297368AA0004B567 /* Frameworks */,
				D4344421297368AA0004B567 /* Resources */,
			);
			buildRules = (
			);
			dependencies = (
			);
			name = "Simpra Odev Deneme 5";
			packageProductDependencies = (
				D4344441297381E90004B567 /* SDWebImage */,
				D4344443297381E90004B567 /* SDWebImageMapKit */,
			);
			productName = "Simpra Odev Deneme 5";
			productReference = D4344423297368AA0004B567 /* Simpra Odev Deneme 5.app */;
			productType = "com.apple.product-type.application";
		};
/* End PBXNativeTarget section */

/* Begin PBXProject section */
		D434441B297368AA0004B567 /* Project object */ = {
			isa = PBXProject;
			attributes = {
				BuildIndependentTargetsInParallel = 1;
				LastSwiftUpdateCheck = 1420;
				LastUpgradeCheck = 1420;
				TargetAttributes = {
					D4344422297368AA0004B567 = {
						CreatedOnToolsVersion = 14.2;
					};
				};
			};
			buildConfigurationList = D434441E297368AA0004B567 /* Build configuration list for PBXProject "Simpra Odev Deneme 5" */;
			compatibilityVersion = "Xcode 14.0";
			developmentRegion = en;
			hasScannedForEncodings = 0;
			knownRegions = (
				en,
				Base,
			);
			mainGroup = D434441A297368AA0004B567;
			packageReferences = (
				D4344440297381E90004B567 /* XCRemoteSwiftPackageReference "SDWebImage" */,
			);
			productRefGroup = D4344424297368AA0004B567 /* Products */;
			projectDirPath = "";
			projectRoot = "";
			targets = (
				D4344422297368AA0004B567 /* Simpra Odev Deneme 5 */,
			);
		};
/* End PBXProject section */

/* Begin PBXResourcesBuildPhase section */
		D4344421297368AA0004B567 /* Resources */ = {
			isa = PBXResourcesBuildPhase;
			buildActionMask = 2147483647;
			files = (
				D4344433297368AB0004B567 /* LaunchScreen.storyboard in Resources */,
				D4344430297368AB0004B567 /* Assets.xcassets in Resources */,
				D434442E297368AA0004B567 /* Main.storyboard in Resources */,
			);
			runOnlyForDeploymentPostprocessing = 0;
		};
/* End PBXResourcesBuildPhase section */

/* Begin PBXSourcesBuildPhase section */
		D434441F297368AA0004B567 /* Sources */ = {
			isa = PBXSourcesBuildPhase;
			buildActionMask = 2147483647;
			files = (
				D434442B297368AA0004B567 /* HomeVC.swift in Sources */,
				D4344427297368AA0004B567 /* AppDelegate.swift in Sources */,
				D434443B29736ACD0004B567 /* CollectionViewCell.swift in Sources */,
				D434446C2973978E0004B567 /* PinterestLayout.swift in Sources */,
				D434443F29736D010004B567 /* Model.swift in Sources */,
				D434443D29736C6D0004B567 /* APICaller.swift in Sources */,
				D4344429297368AA0004B567 /* SceneDelegate.swift in Sources */,
			);
			runOnlyForDeploymentPostprocessing = 0;
		};
/* End PBXSourcesBuildPhase section */

/* Begin PBXVariantGroup section */
		D434442C297368AA0004B567 /* Main.storyboard */ = {
			isa = PBXVariantGroup;
			children = (
				D434442D297368AA0004B567 /* Base */,
			);
			name = Main.storyboard;
			sourceTree = "<group>";
		};
		D4344431297368AB0004B567 /* LaunchScreen.storyboard */ = {
			isa = PBXVariantGroup;
			children = (
				D4344432297368AB0004B567 /* Base */,
			);
			name = LaunchScreen.storyboard;
			sourceTree = "<group>";
		};
/* End PBXVariantGroup section */

/* Begin XCBuildConfiguration section */
		D4344435297368AB0004B567 /* Debug */ = {
			isa = XCBuildConfiguration;
			buildSettings = {
				ALWAYS_SEARCH_USER_PATHS = NO;
				CLANG_ANALYZER_NONNULL = YES;
				CLANG_ANALYZER_NUMBER_OBJECT_CONVERSION = YES_AGGRESSIVE;
				CLANG_CXX_LANGUAGE_STANDARD = "gnu++20";
				CLANG_ENABLE_MODULES = YES;
				CLANG_ENABLE_OBJC_ARC = YES;
				CLANG_ENABLE_OBJC_WEAK = YES;
				CLANG_WARN_BLOCK_CAPTURE_AUTORELEASING = YES;
				CLANG_WARN_BOOL_CONVERSION = YES;
				CLANG_WARN_COMMA = YES;
				CLANG_WARN_CONSTANT_CONVERSION = YES;
				CLANG_WARN_DEPRECATED_OBJC_IMPLEMENTATIONS = YES;
				CLANG_WARN_DIRECT_OBJC_ISA_USAGE = YES_ERROR;
				CLANG_WARN_DOCUMENTATION_COMMENTS = YES;
				CLANG_WARN_EMPTY_BODY = YES;
				CLANG_WARN_ENUM_CONVERSION = YES;
				CLANG_WARN_INFINITE_RECURSION = YES;
				CLANG_WARN_INT_CONVERSION = YES;
				CLANG_WARN_NON_LITERAL_NULL_CONVERSION = YES;
				CLANG_WARN_OBJC_IMPLICIT_RETAIN_SELF = YES;
				CLANG_WARN_OBJC_LITERAL_CONVERSION = YES;
				CLANG_WARN_OBJC_ROOT_CLASS = YES_ERROR;
				CLANG_WARN_QUOTED_INCLUDE_IN_FRAMEWORK_HEADER = YES;
				CLANG_WARN_RANGE_LOOP_ANALYSIS = YES;
				CLANG_WARN_STRICT_PROTOTYPES = YES;
				CLANG_WARN_SUSPICIOUS_MOVE = YES;
				CLANG_WARN_UNGUARDED_AVAILABILITY = YES_AGGRESSIVE;
				CLANG_WARN_UNREACHABLE_CODE = YES;
				CLANG_WARN__DUPLICATE_METHOD_MATCH = YES;
				COPY_PHASE_STRIP = NO;
				DEBUG_INFORMATION_FORMAT = dwarf;
				ENABLE_STRICT_OBJC_MSGSEND = YES;
				ENABLE_TESTABILITY = YES;
				GCC_C_LANGUAGE_STANDARD = gnu11;
				GCC_DYNAMIC_NO_PIC = NO;
				GCC_NO_COMMON_BLOCKS = YES;
				GCC_OPTIMIZATION_LEVEL = 0;
				GCC_PREPROCESSOR_DEFINITIONS = (
					"DEBUG=1",
					"$(inherited)",
				);
				GCC_WARN_64_TO_32_BIT_CONVERSION = YES;
				GCC_WARN_ABOUT_RETURN_TYPE = YES_ERROR;
				GCC_WARN_UNDECLARED_SELECTOR = YES;
				GCC_WARN_UNINITIALIZED_AUTOS = YES_AGGRESSIVE;
				GCC_WARN_UNUSED_FUNCTION = YES;
				GCC_WARN_UNUSED_VARIABLE = YES;
				IPHONEOS_DEPLOYMENT_TARGET = 16.2;
				MTL_ENABLE_DEBUG_INFO = INCLUDE_SOURCE;
				MTL_FAST_MATH = YES;
				ONLY_ACTIVE_ARCH = YES;
				SDKROOT = iphoneos;
				SWIFT_ACTIVE_COMPILATION_CONDITIONS = DEBUG;
				SWIFT_OPTIMIZATION_LEVEL = "-Onone";
			};
			name = Debug;
		};
		D4344436297368AB0004B567 /* Release */ = {
			isa = XCBuildConfiguration;
			buildSettings = {
				ALWAYS_SEARCH_USER_PATHS = NO;
				CLANG_ANALYZER_NONNULL = YES;
				CLANG_ANALYZER_NUMBER_OBJECT_CONVERSION = YES_AGGRESSIVE;
				CLANG_CXX_LANGUAGE_STANDARD = "gnu++20";
				CLANG_ENABLE_MODULES = YES;
				CLANG_ENABLE_OBJC_ARC = YES;
				CLANG_ENABLE_OBJC_WEAK = YES;
				CLANG_WARN_BLOCK_CAPTURE_AUTORELEASING = YES;
				CLANG_WARN_BOOL_CONVERSION = YES;
				CLANG_WARN_COMMA = YES;
				CLANG_WARN_CONSTANT_CONVERSION = YES;
				CLANG_WARN_DEPRECATED_OBJC_IMPLEMENTATIONS = YES;
				CLANG_WARN_DIRECT_OBJC_ISA_USAGE = YES_ERROR;
				CLANG_WARN_DOCUMENTATION_COMMENTS = YES;
				CLANG_WARN_EMPTY_BODY = YES;
				CLANG_WARN_ENUM_CONVERSION = YES;
				CLANG_WARN_INFINITE_RECURSION = YES;
				CLANG_WARN_INT_CONVERSION = YES;
				CLANG_WARN_NON_LITERAL_NULL_CONVERSION = YES;
				CLANG_WARN_OBJC_IMPLICIT_RETAIN_SELF = YES;
				CLANG_WARN_OBJC_LITERAL_CONVERSION = YES;
				CLANG_WARN_OBJC_ROOT_CLASS = YES_ERROR;
				CLANG_WARN_QUOTED_INCLUDE_IN_FRAMEWORK_HEADER = YES;
				CLANG_WARN_RANGE_LOOP_ANALYSIS = YES;
				CLANG_WARN_STRICT_PROTOTYPES = YES;
				CLANG_WARN_SUSPICIOUS_MOVE = YES;
				CLANG_WARN_UNGUARDED_AVAILABILITY = YES_AGGRESSIVE;
				CLANG_WARN_UNREACHABLE_CODE = YES;
				CLANG_WARN__DUPLICATE_METHOD_MATCH = YES;
				COPY_PHASE_STRIP = NO;
				DEBUG_INFORMATION_FORMAT = "dwarf-with-dsym";
				ENABLE_NS_ASSERTIONS = NO;
				ENABLE_STRICT_OBJC_MSGSEND = YES;
				GCC_C_LANGUAGE_STANDARD = gnu11;
				GCC_NO_COMMON_BLOCKS = YES;
				GCC_WARN_64_TO_32_BIT_CONVERSION = YES;
				GCC_WARN_ABOUT_RETURN_TYPE = YES_ERROR;
				GCC_WARN_UNDECLARED_SELECTOR = YES;
				GCC_WARN_UNINITIALIZED_AUTOS = YES_AGGRESSIVE;
				GCC_WARN_UNUSED_FUNCTION = YES;
				GCC_WARN_UNUSED_VARIABLE = YES;
				IPHONEOS_DEPLOYMENT_TARGET = 16.2;
				MTL_ENABLE_DEBUG_INFO = NO;
				MTL_FAST_MATH = YES;
				SDKROOT = iphoneos;
				SWIFT_COMPILATION_MODE = wholemodule;
				SWIFT_OPTIMIZATION_LEVEL = "-O";
				VALIDATE_PRODUCT = YES;
			};
			name = Release;
		};
		D4344438297368AB0004B567 /* Debug */ = {
			isa = XCBuildConfiguration;
			buildSettings = {
				ASSETCATALOG_COMPILER_APPICON_NAME = AppIcon;
				ASSETCATALOG_COMPILER_GLOBAL_ACCENT_COLOR_NAME = AccentColor;
				CODE_SIGN_STYLE = Automatic;
				CURRENT_PROJECT_VERSION = 1;
				DEVELOPMENT_TEAM = 373Z282HAT;
				GENERATE_INFOPLIST_FILE = YES;
				INFOPLIST_FILE = "Simpra Odev Deneme 5/Info.plist";
				INFOPLIST_KEY_UIApplicationSupportsIndirectInputEvents = YES;
				INFOPLIST_KEY_UILaunchStoryboardName = LaunchScreen;
				INFOPLIST_KEY_UIMainStoryboardFile = Main;
				INFOPLIST_KEY_UISupportedInterfaceOrientations_iPad = "UIInterfaceOrientationPortrait UIInterfaceOrientationPortraitUpsideDown UIInterfaceOrientationLandscapeLeft UIInterfaceOrientationLandscapeRight";
				INFOPLIST_KEY_UISupportedInterfaceOrientations_iPhone = "UIInterfaceOrientationPortrait UIInterfaceOrientationLandscapeLeft UIInterfaceOrientationLandscapeRight";
				LD_RUNPATH_SEARCH_PATHS = (
					"$(inherited)",
					"@executable_path/Frameworks",
				);
				MARKETING_VERSION = 1.0;
				PRODUCT_BUNDLE_IDENTIFIER = "com.hakanbaran.Simpra-Odev-Deneme-5";
				PRODUCT_NAME = "$(TARGET_NAME)";
				SWIFT_EMIT_LOC_STRINGS = YES;
				SWIFT_VERSION = 5.0;
				TARGETED_DEVICE_FAMILY = "1,2";
			};
			name = Debug;
		};
		D4344439297368AB0004B567 /* Release */ = {
			isa = XCBuildConfiguration;
			buildSettings = {
				ASSETCATALOG_COMPILER_APPICON_NAME = AppIcon;
				ASSETCATALOG_COMPILER_GLOBAL_ACCENT_COLOR_NAME = AccentColor;
				CODE_SIGN_STYLE = Automatic;
				CURRENT_PROJECT_VERSION = 1;
				DEVELOPMENT_TEAM = 373Z282HAT;
				GENERATE_INFOPLIST_FILE = YES;
				INFOPLIST_FILE = "Simpra Odev Deneme 5/Info.plist";
				INFOPLIST_KEY_UIApplicationSupportsIndirectInputEvents = YES;
				INFOPLIST_KEY_UILaunchStoryboardName = LaunchScreen;
				INFOPLIST_KEY_UIMainStoryboardFile = Main;
				INFOPLIST_KEY_UISupportedInterfaceOrientations_iPad = "UIInterfaceOrientationPortrait UIInterfaceOrientationPortraitUpsideDown UIInterfaceOrientationLandscapeLeft UIInterfaceOrientationLandscapeRight";
				INFOPLIST_KEY_UISupportedInterfaceOrientations_iPhone = "UIInterfaceOrientationPortrait UIInterfaceOrientationLandscapeLeft UIInterfaceOrientationLandscapeRight";
				LD_RUNPATH_SEARCH_PATHS = (
					"$(inherited)",
					"@executable_path/Frameworks",
				);
				MARKETING_VERSION = 1.0;
				PRODUCT_BUNDLE_IDENTIFIER = "com.hakanbaran.Simpra-Odev-Deneme-5";
				PRODUCT_NAME = "$(TARGET_NAME)";
				SWIFT_EMIT_LOC_STRINGS = YES;
				SWIFT_VERSION = 5.0;
				TARGETED_DEVICE_FAMILY = "1,2";
			};
			name = Release;
		};
/* End XCBuildConfiguration section */

/* Begin XCConfigurationList section */
		D434441E297368AA0004B567 /* Build configuration list for PBXProject "Simpra Odev Deneme 5" */ = {
			isa = XCConfigurationList;
			buildConfigurations = (
				D4344435297368AB0004B567 /* Debug */,
				D4344436297368AB0004B567 /* Release */,
			);
			defaultConfigurationIsVisible = 0;
			defaultConfigurationName = Release;
		};
		D4344437297368AB0004B567 /* Build configuration list for PBXNativeTarget "Simpra Odev Deneme 5" */ = {
			isa = XCConfigurationList;
			buildConfigurations = (
				D4344438297368AB0004B567 /* Debug */,
				D4344439297368AB0004B567 /* Release */,
			);
			defaultConfigurationIsVisible = 0;
			defaultConfigurationName = Release;
		};
/* End XCConfigurationList section */

/* Begin XCRemoteSwiftPackageReference section */
		D4344440297381E90004B567 /* XCRemoteSwiftPackageReference "SDWebImage" */ = {
			isa = XCRemoteSwiftPackageReference;
			repositoryURL = "https://github.com/SDWebImage/SDWebImage.git";
			requirement = {
				branch = master;
				kind = branch;
			};
		};
/* End XCRemoteSwiftPackageReference section */

/* Begin XCSwiftPackageProductDependency section */
		D4344441297381E90004B567 /* SDWebImage */ = {
			isa = XCSwiftPackageProductDependency;
			package = D4344440297381E90004B567 /* XCRemoteSwiftPackageReference "SDWebImage" */;
			productName = SDWebImage;
		};
		D4344443297381E90004B567 /* SDWebImageMapKit */ = {
			isa = XCSwiftPackageProductDependency;
			package = D4344440297381E90004B567 /* XCRemoteSwiftPackageReference "SDWebImage" */;
			productName = SDWebImageMapKit;
		};
/* End XCSwiftPackageProductDependency section */
	};
	rootObject = D434441B297368AA0004B567 /* Project object */;
}
